// !$*UTF8*$!
{
	archiveVersion = 1;
	classes = {
	};
	objectVersion = 46;
	objects = {

/* Begin PBXBuildFile section */
		F43C2AA31E28DB610083DF75 /* Main.storyboard in Resources */ = {isa = PBXBuildFile; fileRef = F43C2AA21E28DB610083DF75 /* Main.storyboard */; };
		F43C2AA51E28E18C0083DF75 /* LaunchScreen.storyboard in Resources */ = {isa = PBXBuildFile; fileRef = F43C2AA41E28E18C0083DF75 /* LaunchScreen.storyboard */; };
		F43C2B0E1E2909710083DF75 /* SPAnimation.swift in Sources */ = {isa = PBXBuildFile; fileRef = F43C2AD11E2909710083DF75 /* SPAnimation.swift */; };
		F43C2B0F1E2909710083DF75 /* SPAnimationSpring.swift in Sources */ = {isa = PBXBuildFile; fileRef = F43C2AD21E2909710083DF75 /* SPAnimationSpring.swift */; };
		F43C2B101E2909710083DF75 /* SPAnimationUpward.swift in Sources */ = {isa = PBXBuildFile; fileRef = F43C2AD31E2909710083DF75 /* SPAnimationUpward.swift */; };
		F43C2B111E2909710083DF75 /* SPAudioPlayer.swift in Sources */ = {isa = PBXBuildFile; fileRef = F43C2AD51E2909710083DF75 /* SPAudioPlayer.swift */; };
		F43C2B121E2909710083DF75 /* SPUIColorExtenshion.swift in Sources */ = {isa = PBXBuildFile; fileRef = F43C2AD71E2909710083DF75 /* SPUIColorExtenshion.swift */; };
		F43C2B131E2909710083DF75 /* SPConstraintsAssistent.swift in Sources */ = {isa = PBXBuildFile; fileRef = F43C2AD91E2909710083DF75 /* SPConstraintsAssistent.swift */; };
		F43C2B141E2909710083DF75 /* SPDelay.swift in Sources */ = {isa = PBXBuildFile; fileRef = F43C2ADB1E2909710083DF75 /* SPDelay.swift */; };
		F43C2B151E2909710083DF75 /* SPUIDeviceExtenshion.swift in Sources */ = {isa = PBXBuildFile; fileRef = F43C2ADD1E2909710083DF75 /* SPUIDeviceExtenshion.swift */; };
		F43C2B161E2909710083DF75 /* SPBezierPathFigure.swift in Sources */ = {isa = PBXBuildFile; fileRef = F43C2AE01E2909710083DF75 /* SPBezierPathFigure.swift */; };
		F43C2B171E2909710083DF75 /* SPUIImageExtenshion.swift in Sources */ = {isa = PBXBuildFile; fileRef = F43C2AE21E2909710083DF75 /* SPUIImageExtenshion.swift */; };
		F43C2B181E2909710083DF75 /* SPInternetConnection.swift in Sources */ = {isa = PBXBuildFile; fileRef = F43C2AE41E2909710083DF75 /* SPInternetConnection.swift */; };
		F43C2B191E2909710083DF75 /* SPLaunchAnimationTwitterExtenshion.swift in Sources */ = {isa = PBXBuildFile; fileRef = F43C2AE81E2909710083DF75 /* SPLaunchAnimationTwitterExtenshion.swift */; };
		F43C2B1A1E2909710083DF75 /* SPLaunchAnimationSlideExtenshion.swift in Sources */ = {isa = PBXBuildFile; fileRef = F43C2AEA1E2909710083DF75 /* SPLaunchAnimationSlideExtenshion.swift */; };
		F43C2B1B1E2909710083DF75 /* SPLaunchAnimation.swift in Sources */ = {isa = PBXBuildFile; fileRef = F43C2AEB1E2909710083DF75 /* SPLaunchAnimation.swift */; };
		F43C2B1C1E2909710083DF75 /* SPRandom.swift in Sources */ = {isa = PBXBuildFile; fileRef = F43C2AED1E2909710083DF75 /* SPRandom.swift */; };
		F43C2B1D1E2909710083DF75 /* SPExtenshionViewController.swift in Sources */ = {isa = PBXBuildFile; fileRef = F43C2AF01E2909710083DF75 /* SPExtenshionViewController.swift */; };
		F43C2B1E1E2909710083DF75 /* SPGradientViewController.swift in Sources */ = {isa = PBXBuildFile; fileRef = F43C2AF11E2909710083DF75 /* SPGradientViewController.swift */; };
		F43C2B1F1E2909710083DF75 /* SPPageItemsScallingViewController.swift in Sources */ = {isa = PBXBuildFile; fileRef = F43C2AF21E2909710083DF75 /* SPPageItemsScallingViewController.swift */; };
		F43C2B201E2909710083DF75 /* SPParalaxTableViewController.swift in Sources */ = {isa = PBXBuildFile; fileRef = F43C2AF31E2909710083DF75 /* SPParalaxTableViewController.swift */; };
		F43C2B211E2909710083DF75 /* SPIconsButton.swift in Sources */ = {isa = PBXBuildFile; fileRef = F43C2AF61E2909710083DF75 /* SPIconsButton.swift */; };
		F43C2B221E2909710083DF75 /* SPLinesCircleButtonsView.swift in Sources */ = {isa = PBXBuildFile; fileRef = F43C2AF71E2909710083DF75 /* SPLinesCircleButtonsView.swift */; };
		F43C2B231E2909710083DF75 /* SPRoundButton.swift in Sources */ = {isa = PBXBuildFile; fileRef = F43C2AF81E2909710083DF75 /* SPRoundButton.swift */; };
		F43C2B241E2909710083DF75 /* SPSegmentControllCell.swift in Sources */ = {isa = PBXBuildFile; fileRef = F43C2AFA1E2909710083DF75 /* SPSegmentControllCell.swift */; };
		F43C2B251E2909710083DF75 /* SPSegmentControlProtocol.swift in Sources */ = {isa = PBXBuildFile; fileRef = F43C2AFB1E2909710083DF75 /* SPSegmentControlProtocol.swift */; };
		F43C2B261E2909710083DF75 /* SPSegmentControlStyleProtocol.swift in Sources */ = {isa = PBXBuildFile; fileRef = F43C2AFC1E2909710083DF75 /* SPSegmentControlStyleProtocol.swift */; };
		F43C2B271E2909710083DF75 /* SPSegmentedControl.swift in Sources */ = {isa = PBXBuildFile; fileRef = F43C2AFD1E2909710083DF75 /* SPSegmentedControl.swift */; };
		F43C2B281E2909710083DF75 /* SPCollectionViewCell.swift in Sources */ = {isa = PBXBuildFile; fileRef = F43C2B011E2909710083DF75 /* SPCollectionViewCell.swift */; };
		F43C2B291E2909710083DF75 /* SPPageItemsScalingCollectionView.swift in Sources */ = {isa = PBXBuildFile; fileRef = F43C2B031E2909710083DF75 /* SPPageItemsScalingCollectionView.swift */; };
		F43C2B2A1E2909710083DF75 /* SPPageItemsScalingCollectionLayout.swift in Sources */ = {isa = PBXBuildFile; fileRef = F43C2B051E2909710083DF75 /* SPPageItemsScalingCollectionLayout.swift */; };
		F43C2B2B1E2909710083DF75 /* SPParallaxTableViewCell.swift in Sources */ = {isa = PBXBuildFile; fileRef = F43C2B081E2909710083DF75 /* SPParallaxTableViewCell.swift */; };
		F43C2B2C1E2909710083DF75 /* SPBlurView.swift in Sources */ = {isa = PBXBuildFile; fileRef = F43C2B0A1E2909710083DF75 /* SPBlurView.swift */; };
		F43C2B2D1E2909710083DF75 /* SPGradientView.swift in Sources */ = {isa = PBXBuildFile; fileRef = F43C2B0B1E2909710083DF75 /* SPGradientView.swift */; };
		F43C2B2E1E2909710083DF75 /* SPUILabelExtenshion.swift in Sources */ = {isa = PBXBuildFile; fileRef = F43C2B0C1E2909710083DF75 /* SPUILabelExtenshion.swift */; };
		F43C2B2F1E2909710083DF75 /* SPUIViewExtenshion.swift in Sources */ = {isa = PBXBuildFile; fileRef = F43C2B0D1E2909710083DF75 /* SPUIViewExtenshion.swift */; };
		F472CA301E27D92B00AF39B3 /* AppDelegate.swift in Sources */ = {isa = PBXBuildFile; fileRef = F472CA2F1E27D92B00AF39B3 /* AppDelegate.swift */; };
		F472CA321E27D92B00AF39B3 /* ViewController.swift in Sources */ = {isa = PBXBuildFile; fileRef = F472CA311E27D92B00AF39B3 /* ViewController.swift */; };
		F472CA371E27D92B00AF39B3 /* Assets.xcassets in Resources */ = {isa = PBXBuildFile; fileRef = F472CA361E27D92B00AF39B3 /* Assets.xcassets */; };
/* End PBXBuildFile section */

/* Begin PBXFileReference section */
		F43C2AA21E28DB610083DF75 /* Main.storyboard */ = {isa = PBXFileReference; fileEncoding = 4; lastKnownFileType = file.storyboard; path = Main.storyboard; sourceTree = "<group>"; };
		F43C2AA41E28E18C0083DF75 /* LaunchScreen.storyboard */ = {isa = PBXFileReference; fileEncoding = 4; lastKnownFileType = file.storyboard; path = LaunchScreen.storyboard; sourceTree = "<group>"; };
		F43C2AD11E2909710083DF75 /* SPAnimation.swift */ = {isa = PBXFileReference; fileEncoding = 4; lastKnownFileType = sourcecode.swift; path = SPAnimation.swift; sourceTree = "<group>"; };
		F43C2AD21E2909710083DF75 /* SPAnimationSpring.swift */ = {isa = PBXFileReference; fileEncoding = 4; lastKnownFileType = sourcecode.swift; path = SPAnimationSpring.swift; sourceTree = "<group>"; };
		F43C2AD31E2909710083DF75 /* SPAnimationUpward.swift */ = {isa = PBXFileReference; fileEncoding = 4; lastKnownFileType = sourcecode.swift; path = SPAnimationUpward.swift; sourceTree = "<group>"; };
		F43C2AD51E2909710083DF75 /* SPAudioPlayer.swift */ = {isa = PBXFileReference; fileEncoding = 4; lastKnownFileType = sourcecode.swift; path = SPAudioPlayer.swift; sourceTree = "<group>"; };
		F43C2AD71E2909710083DF75 /* SPUIColorExtenshion.swift */ = {isa = PBXFileReference; fileEncoding = 4; lastKnownFileType = sourcecode.swift; path = SPUIColorExtenshion.swift; sourceTree = "<group>"; };
		F43C2AD91E2909710083DF75 /* SPConstraintsAssistent.swift */ = {isa = PBXFileReference; fileEncoding = 4; lastKnownFileType = sourcecode.swift; path = SPConstraintsAssistent.swift; sourceTree = "<group>"; };
		F43C2ADB1E2909710083DF75 /* SPDelay.swift */ = {isa = PBXFileReference; fileEncoding = 4; lastKnownFileType = sourcecode.swift; path = SPDelay.swift; sourceTree = "<group>"; };
		F43C2ADD1E2909710083DF75 /* SPUIDeviceExtenshion.swift */ = {isa = PBXFileReference; fileEncoding = 4; lastKnownFileType = sourcecode.swift; path = SPUIDeviceExtenshion.swift; sourceTree = "<group>"; };
		F43C2AE01E2909710083DF75 /* SPBezierPathFigure.swift */ = {isa = PBXFileReference; fileEncoding = 4; lastKnownFileType = sourcecode.swift; path = SPBezierPathFigure.swift; sourceTree = "<group>"; };
		F43C2AE21E2909710083DF75 /* SPUIImageExtenshion.swift */ = {isa = PBXFileReference; fileEncoding = 4; lastKnownFileType = sourcecode.swift; path = SPUIImageExtenshion.swift; sourceTree = "<group>"; };
		F43C2AE41E2909710083DF75 /* SPInternetConnection.swift */ = {isa = PBXFileReference; fileEncoding = 4; lastKnownFileType = sourcecode.swift; path = SPInternetConnection.swift; sourceTree = "<group>"; };
		F43C2AE81E2909710083DF75 /* SPLaunchAnimationTwitterExtenshion.swift */ = {isa = PBXFileReference; fileEncoding = 4; lastKnownFileType = sourcecode.swift; path = SPLaunchAnimationTwitterExtenshion.swift; sourceTree = "<group>"; };
		F43C2AEA1E2909710083DF75 /* SPLaunchAnimationSlideExtenshion.swift */ = {isa = PBXFileReference; fileEncoding = 4; lastKnownFileType = sourcecode.swift; path = SPLaunchAnimationSlideExtenshion.swift; sourceTree = "<group>"; };
		F43C2AEB1E2909710083DF75 /* SPLaunchAnimation.swift */ = {isa = PBXFileReference; fileEncoding = 4; lastKnownFileType = sourcecode.swift; path = SPLaunchAnimation.swift; sourceTree = "<group>"; };
		F43C2AED1E2909710083DF75 /* SPRandom.swift */ = {isa = PBXFileReference; fileEncoding = 4; lastKnownFileType = sourcecode.swift; path = SPRandom.swift; sourceTree = "<group>"; };
		F43C2AF01E2909710083DF75 /* SPExtenshionViewController.swift */ = {isa = PBXFileReference; fileEncoding = 4; lastKnownFileType = sourcecode.swift; path = SPExtenshionViewController.swift; sourceTree = "<group>"; };
		F43C2AF11E2909710083DF75 /* SPGradientViewController.swift */ = {isa = PBXFileReference; fileEncoding = 4; lastKnownFileType = sourcecode.swift; path = SPGradientViewController.swift; sourceTree = "<group>"; };
		F43C2AF21E2909710083DF75 /* SPPageItemsScallingViewController.swift */ = {isa = PBXFileReference; fileEncoding = 4; lastKnownFileType = sourcecode.swift; path = SPPageItemsScallingViewController.swift; sourceTree = "<group>"; };
		F43C2AF31E2909710083DF75 /* SPParalaxTableViewController.swift */ = {isa = PBXFileReference; fileEncoding = 4; lastKnownFileType = sourcecode.swift; path = SPParalaxTableViewController.swift; sourceTree = "<group>"; };
		F43C2AF61E2909710083DF75 /* SPIconsButton.swift */ = {isa = PBXFileReference; fileEncoding = 4; lastKnownFileType = sourcecode.swift; path = SPIconsButton.swift; sourceTree = "<group>"; };
		F43C2AF71E2909710083DF75 /* SPLinesCircleButtonsView.swift */ = {isa = PBXFileReference; fileEncoding = 4; lastKnownFileType = sourcecode.swift; path = SPLinesCircleButtonsView.swift; sourceTree = "<group>"; };
		F43C2AF81E2909710083DF75 /* SPRoundButton.swift */ = {isa = PBXFileReference; fileEncoding = 4; lastKnownFileType = sourcecode.swift; path = SPRoundButton.swift; sourceTree = "<group>"; };
		F43C2AFA1E2909710083DF75 /* SPSegmentControllCell.swift */ = {isa = PBXFileReference; fileEncoding = 4; lastKnownFileType = sourcecode.swift; path = SPSegmentControllCell.swift; sourceTree = "<group>"; };
		F43C2AFB1E2909710083DF75 /* SPSegmentControlProtocol.swift */ = {isa = PBXFileReference; fileEncoding = 4; lastKnownFileType = sourcecode.swift; path = SPSegmentControlProtocol.swift; sourceTree = "<group>"; };
		F43C2AFC1E2909710083DF75 /* SPSegmentControlStyleProtocol.swift */ = {isa = PBXFileReference; fileEncoding = 4; lastKnownFileType = sourcecode.swift; path = SPSegmentControlStyleProtocol.swift; sourceTree = "<group>"; };
		F43C2AFD1E2909710083DF75 /* SPSegmentedControl.swift */ = {isa = PBXFileReference; fileEncoding = 4; lastKnownFileType = sourcecode.swift; path = SPSegmentedControl.swift; sourceTree = "<group>"; };
		F43C2B011E2909710083DF75 /* SPCollectionViewCell.swift */ = {isa = PBXFileReference; fileEncoding = 4; lastKnownFileType = sourcecode.swift; path = SPCollectionViewCell.swift; sourceTree = "<group>"; };
		F43C2B031E2909710083DF75 /* SPPageItemsScalingCollectionView.swift */ = {isa = PBXFileReference; fileEncoding = 4; lastKnownFileType = sourcecode.swift; path = SPPageItemsScalingCollectionView.swift; sourceTree = "<group>"; };
		F43C2B051E2909710083DF75 /* SPPageItemsScalingCollectionLayout.swift */ = {isa = PBXFileReference; fileEncoding = 4; lastKnownFileType = sourcecode.swift; path = SPPageItemsScalingCollectionLayout.swift; sourceTree = "<group>"; };
		F43C2B081E2909710083DF75 /* SPParallaxTableViewCell.swift */ = {isa = PBXFileReference; fileEncoding = 4; lastKnownFileType = sourcecode.swift; path = SPParallaxTableViewCell.swift; sourceTree = "<group>"; };
		F43C2B0A1E2909710083DF75 /* SPBlurView.swift */ = {isa = PBXFileReference; fileEncoding = 4; lastKnownFileType = sourcecode.swift; path = SPBlurView.swift; sourceTree = "<group>"; };
		F43C2B0B1E2909710083DF75 /* SPGradientView.swift */ = {isa = PBXFileReference; fileEncoding = 4; lastKnownFileType = sourcecode.swift; path = SPGradientView.swift; sourceTree = "<group>"; };
		F43C2B0C1E2909710083DF75 /* SPUILabelExtenshion.swift */ = {isa = PBXFileReference; fileEncoding = 4; lastKnownFileType = sourcecode.swift; path = SPUILabelExtenshion.swift; sourceTree = "<group>"; };
		F43C2B0D1E2909710083DF75 /* SPUIViewExtenshion.swift */ = {isa = PBXFileReference; fileEncoding = 4; lastKnownFileType = sourcecode.swift; path = SPUIViewExtenshion.swift; sourceTree = "<group>"; };
		F472CA2C1E27D92B00AF39B3 /* TwitterLaucnhAnimation.app */ = {isa = PBXFileReference; explicitFileType = wrapper.application; includeInIndex = 0; path = TwitterLaucnhAnimation.app; sourceTree = BUILT_PRODUCTS_DIR; };
		F472CA2F1E27D92B00AF39B3 /* AppDelegate.swift */ = {isa = PBXFileReference; lastKnownFileType = sourcecode.swift; path = AppDelegate.swift; sourceTree = "<group>"; };
		F472CA311E27D92B00AF39B3 /* ViewController.swift */ = {isa = PBXFileReference; lastKnownFileType = sourcecode.swift; path = ViewController.swift; sourceTree = "<group>"; };
		F472CA361E27D92B00AF39B3 /* Assets.xcassets */ = {isa = PBXFileReference; lastKnownFileType = folder.assetcatalog; path = Assets.xcassets; sourceTree = "<group>"; };
		F472CA3B1E27D92B00AF39B3 /* Info.plist */ = {isa = PBXFileReference; lastKnownFileType = text.plist.xml; path = Info.plist; sourceTree = "<group>"; };
/* End PBXFileReference section */

/* Begin PBXFrameworksBuildPhase section */
		F472CA291E27D92B00AF39B3 /* Frameworks */ = {
			isa = PBXFrameworksBuildPhase;
			buildActionMask = 2147483647;
			files = (
			);
			runOnlyForDeploymentPostprocessing = 0;
		};
/* End PBXFrameworksBuildPhase section */

/* Begin PBXGroup section */
		F43C2ACF1E2909710083DF75 /* sparrow */ = {
			isa = PBXGroup;
			children = (
				F43C2AD01E2909710083DF75 /* animation */,
				F43C2AD41E2909710083DF75 /* audio */,
				F43C2AD61E2909710083DF75 /* color */,
				F43C2AD81E2909710083DF75 /* constraints */,
				F43C2ADA1E2909710083DF75 /* delay */,
				F43C2ADC1E2909710083DF75 /* device */,
				F43C2ADE1E2909710083DF75 /* figure */,
				F43C2AE11E2909710083DF75 /* image */,
				F43C2AE31E2909710083DF75 /* internetConnection */,
				F43C2AE51E2909710083DF75 /* launch */,
				F43C2AEC1E2909710083DF75 /* random */,
				F43C2AEE1E2909710083DF75 /* ui */,
			);
			path = sparrow;
			sourceTree = "<group>";
		};
		F43C2AD01E2909710083DF75 /* animation */ = {
			isa = PBXGroup;
			children = (
				F43C2AD11E2909710083DF75 /* SPAnimation.swift */,
				F43C2AD21E2909710083DF75 /* SPAnimationSpring.swift */,
				F43C2AD31E2909710083DF75 /* SPAnimationUpward.swift */,
			);
			path = animation;
			sourceTree = "<group>";
		};
		F43C2AD41E2909710083DF75 /* audio */ = {
			isa = PBXGroup;
			children = (
				F43C2AD51E2909710083DF75 /* SPAudioPlayer.swift */,
			);
			path = audio;
			sourceTree = "<group>";
		};
		F43C2AD61E2909710083DF75 /* color */ = {
			isa = PBXGroup;
			children = (
				F43C2AD71E2909710083DF75 /* SPUIColorExtenshion.swift */,
			);
			path = color;
			sourceTree = "<group>";
		};
		F43C2AD81E2909710083DF75 /* constraints */ = {
			isa = PBXGroup;
			children = (
				F43C2AD91E2909710083DF75 /* SPConstraintsAssistent.swift */,
			);
			path = constraints;
			sourceTree = "<group>";
		};
		F43C2ADA1E2909710083DF75 /* delay */ = {
			isa = PBXGroup;
			children = (
				F43C2ADB1E2909710083DF75 /* SPDelay.swift */,
			);
			path = delay;
			sourceTree = "<group>";
		};
		F43C2ADC1E2909710083DF75 /* device */ = {
			isa = PBXGroup;
			children = (
				F43C2ADD1E2909710083DF75 /* SPUIDeviceExtenshion.swift */,
			);
			path = device;
			sourceTree = "<group>";
		};
		F43C2ADE1E2909710083DF75 /* figure */ = {
			isa = PBXGroup;
			children = (
				F43C2ADF1E2909710083DF75 /* bezierPathFigure */,
			);
			path = figure;
			sourceTree = "<group>";
		};
		F43C2ADF1E2909710083DF75 /* bezierPathFigure */ = {
			isa = PBXGroup;
			children = (
				F43C2AE01E2909710083DF75 /* SPBezierPathFigure.swift */,
			);
			path = bezierPathFigure;
			sourceTree = "<group>";
		};
		F43C2AE11E2909710083DF75 /* image */ = {
			isa = PBXGroup;
			children = (
				F43C2AE21E2909710083DF75 /* SPUIImageExtenshion.swift */,
			);
			path = image;
			sourceTree = "<group>";
		};
		F43C2AE31E2909710083DF75 /* internetConnection */ = {
			isa = PBXGroup;
			children = (
				F43C2AE41E2909710083DF75 /* SPInternetConnection.swift */,
			);
			path = internetConnection;
			sourceTree = "<group>";
		};
		F43C2AE51E2909710083DF75 /* launch */ = {
			isa = PBXGroup;
			children = (
				F43C2AE61E2909710083DF75 /* animation */,
			);
			path = launch;
			sourceTree = "<group>";
		};
		F43C2AE61E2909710083DF75 /* animation */ = {
			isa = PBXGroup;
			children = (
				F43C2AE71E2909710083DF75 /* asTwitter */,
				F43C2AE91E2909710083DF75 /* slide */,
				F43C2AEB1E2909710083DF75 /* SPLaunchAnimation.swift */,
			);
			path = animation;
			sourceTree = "<group>";
		};
		F43C2AE71E2909710083DF75 /* asTwitter */ = {
			isa = PBXGroup;
			children = (
				F43C2AE81E2909710083DF75 /* SPLaunchAnimationTwitterExtenshion.swift */,
			);
			path = asTwitter;
			sourceTree = "<group>";
		};
		F43C2AE91E2909710083DF75 /* slide */ = {
			isa = PBXGroup;
			children = (
				F43C2AEA1E2909710083DF75 /* SPLaunchAnimationSlideExtenshion.swift */,
			);
			path = slide;
			sourceTree = "<group>";
		};
		F43C2AEC1E2909710083DF75 /* random */ = {
			isa = PBXGroup;
			children = (
				F43C2AED1E2909710083DF75 /* SPRandom.swift */,
			);
			path = random;
			sourceTree = "<group>";
		};
		F43C2AEE1E2909710083DF75 /* ui */ = {
			isa = PBXGroup;
			children = (
				F43C2AEF1E2909710083DF75 /* controllers */,
				F43C2AF41E2909710083DF75 /* controls */,
				F43C2AFE1E2909710083DF75 /* views */,
			);
			path = ui;
			sourceTree = "<group>";
		};
		F43C2AEF1E2909710083DF75 /* controllers */ = {
			isa = PBXGroup;
			children = (
				F43C2AF01E2909710083DF75 /* SPExtenshionViewController.swift */,
				F43C2AF11E2909710083DF75 /* SPGradientViewController.swift */,
				F43C2AF21E2909710083DF75 /* SPPageItemsScallingViewController.swift */,
				F43C2AF31E2909710083DF75 /* SPParalaxTableViewController.swift */,
			);
			path = controllers;
			sourceTree = "<group>";
		};
		F43C2AF41E2909710083DF75 /* controls */ = {
			isa = PBXGroup;
			children = (
				F43C2AF51E2909710083DF75 /* buttons */,
				F43C2AF91E2909710083DF75 /* segmentedControl */,
			);
			path = controls;
			sourceTree = "<group>";
		};
		F43C2AF51E2909710083DF75 /* buttons */ = {
			isa = PBXGroup;
			children = (
				F43C2AF61E2909710083DF75 /* SPIconsButton.swift */,
				F43C2AF71E2909710083DF75 /* SPLinesCircleButtonsView.swift */,
				F43C2AF81E2909710083DF75 /* SPRoundButton.swift */,
			);
			path = buttons;
			sourceTree = "<group>";
		};
		F43C2AF91E2909710083DF75 /* segmentedControl */ = {
			isa = PBXGroup;
			children = (
				F43C2AFA1E2909710083DF75 /* SPSegmentControllCell.swift */,
				F43C2AFB1E2909710083DF75 /* SPSegmentControlProtocol.swift */,
				F43C2AFC1E2909710083DF75 /* SPSegmentControlStyleProtocol.swift */,
				F43C2AFD1E2909710083DF75 /* SPSegmentedControl.swift */,
			);
			path = segmentedControl;
			sourceTree = "<group>";
		};
		F43C2AFE1E2909710083DF75 /* views */ = {
			isa = PBXGroup;
			children = (
				F43C2AFF1E2909710083DF75 /* collectionViews */,
				F43C2B061E2909710083DF75 /* tableViews */,
				F43C2B091E2909710083DF75 /* views */,
			);
			path = views;
			sourceTree = "<group>";
		};
		F43C2AFF1E2909710083DF75 /* collectionViews */ = {
			isa = PBXGroup;
			children = (
				F43C2B001E2909710083DF75 /* cells */,
				F43C2B021E2909710083DF75 /* collectionViews */,
				F43C2B041E2909710083DF75 /* layouts */,
			);
			path = collectionViews;
			sourceTree = "<group>";
		};
		F43C2B001E2909710083DF75 /* cells */ = {
			isa = PBXGroup;
			children = (
				F43C2B011E2909710083DF75 /* SPCollectionViewCell.swift */,
			);
			path = cells;
			sourceTree = "<group>";
		};
		F43C2B021E2909710083DF75 /* collectionViews */ = {
			isa = PBXGroup;
			children = (
				F43C2B031E2909710083DF75 /* SPPageItemsScalingCollectionView.swift */,
			);
			path = collectionViews;
			sourceTree = "<group>";
		};
		F43C2B041E2909710083DF75 /* layouts */ = {
			isa = PBXGroup;
			children = (
				F43C2B051E2909710083DF75 /* SPPageItemsScalingCollectionLayout.swift */,
			);
			path = layouts;
			sourceTree = "<group>";
		};
		F43C2B061E2909710083DF75 /* tableViews */ = {
			isa = PBXGroup;
			children = (
				F43C2B071E2909710083DF75 /* cell */,
			);
			path = tableViews;
			sourceTree = "<group>";
		};
		F43C2B071E2909710083DF75 /* cell */ = {
			isa = PBXGroup;
			children = (
				F43C2B081E2909710083DF75 /* SPParallaxTableViewCell.swift */,
			);
			path = cell;
			sourceTree = "<group>";
		};
		F43C2B091E2909710083DF75 /* views */ = {
			isa = PBXGroup;
			children = (
				F43C2B0A1E2909710083DF75 /* SPBlurView.swift */,
				F43C2B0B1E2909710083DF75 /* SPGradientView.swift */,
				F43C2B0C1E2909710083DF75 /* SPUILabelExtenshion.swift */,
				F43C2B0D1E2909710083DF75 /* SPUIViewExtenshion.swift */,
			);
			path = views;
			sourceTree = "<group>";
		};
		F472CA231E27D92B00AF39B3 = {
			isa = PBXGroup;
			children = (
				F472CA2E1E27D92B00AF39B3 /* TwitterLaucnhAnimation */,
				F472CA2D1E27D92B00AF39B3 /* Products */,
			);
			sourceTree = "<group>";
		};
		F472CA2D1E27D92B00AF39B3 /* Products */ = {
			isa = PBXGroup;
			children = (
				F472CA2C1E27D92B00AF39B3 /* TwitterLaucnhAnimation.app */,
			);
			name = Products;
			sourceTree = "<group>";
		};
		F472CA2E1E27D92B00AF39B3 /* TwitterLaucnhAnimation */ = {
			isa = PBXGroup;
			children = (
				F472CA411E27D98300AF39B3 /* frameworks */,
				F472CA2F1E27D92B00AF39B3 /* AppDelegate.swift */,
				F472CA311E27D92B00AF39B3 /* ViewController.swift */,
				F472CA361E27D92B00AF39B3 /* Assets.xcassets */,
				F43C2AA41E28E18C0083DF75 /* LaunchScreen.storyboard */,
				F43C2AA21E28DB610083DF75 /* Main.storyboard */,
				F472CA3B1E27D92B00AF39B3 /* Info.plist */,
			);
			path = TwitterLaucnhAnimation;
			sourceTree = "<group>";
		};
		F472CA411E27D98300AF39B3 /* frameworks */ = {
			isa = PBXGroup;
			children = (
				F43C2ACF1E2909710083DF75 /* sparrow */,
			);
			path = frameworks;
			sourceTree = "<group>";
		};
/* End PBXGroup section */

/* Begin PBXNativeTarget section */
		F472CA2B1E27D92B00AF39B3 /* TwitterLaucnhAnimation */ = {
			isa = PBXNativeTarget;
			buildConfigurationList = F472CA3E1E27D92B00AF39B3 /* Build configuration list for PBXNativeTarget "TwitterLaucnhAnimation" */;
			buildPhases = (
				F472CA281E27D92B00AF39B3 /* Sources */,
				F472CA291E27D92B00AF39B3 /* Frameworks */,
				F472CA2A1E27D92B00AF39B3 /* Resources */,
			);
			buildRules = (
			);
			dependencies = (
			);
			name = TwitterLaucnhAnimation;
			productName = TwitterLaucnhAnimation;
			productReference = F472CA2C1E27D92B00AF39B3 /* TwitterLaucnhAnimation.app */;
			productType = "com.apple.product-type.application";
		};
/* End PBXNativeTarget section */

/* Begin PBXProject section */
		F472CA241E27D92B00AF39B3 /* Project object */ = {
			isa = PBXProject;
			attributes = {
				LastSwiftUpdateCheck = 0820;
				LastUpgradeCheck = 0820;
				ORGANIZATIONNAME = "Ivan Vorobei";
				TargetAttributes = {
					F472CA2B1E27D92B00AF39B3 = {
						CreatedOnToolsVersion = 8.2.1;
						DevelopmentTeam = MNM2TM9G7C;
						ProvisioningStyle = Automatic;
					};
				};
			};
			buildConfigurationList = F472CA271E27D92B00AF39B3 /* Build configuration list for PBXProject "TwitterLaucnhAnimation" */;
			compatibilityVersion = "Xcode 3.2";
			developmentRegion = English;
			hasScannedForEncodings = 0;
			knownRegions = (
				en,
				Base,
			);
			mainGroup = F472CA231E27D92B00AF39B3;
			productRefGroup = F472CA2D1E27D92B00AF39B3 /* Products */;
			projectDirPath = "";
			projectRoot = "";
			targets = (
				F472CA2B1E27D92B00AF39B3 /* TwitterLaucnhAnimation */,
			);
		};
/* End PBXProject section */

/* Begin PBXResourcesBuildPhase section */
		F472CA2A1E27D92B00AF39B3 /* Resources */ = {
			isa = PBXResourcesBuildPhase;
			buildActionMask = 2147483647;
			files = (
				F43C2AA31E28DB610083DF75 /* Main.storyboard in Resources */,
				F43C2AA51E28E18C0083DF75 /* LaunchScreen.storyboard in Resources */,
				F472CA371E27D92B00AF39B3 /* Assets.xcassets in Resources */,
			);
			runOnlyForDeploymentPostprocessing = 0;
		};
/* End PBXResourcesBuildPhase section */

/* Begin PBXSourcesBuildPhase section */
		F472CA281E27D92B00AF39B3 /* Sources */ = {
			isa = PBXSourcesBuildPhase;
			buildActionMask = 2147483647;
			files = (
				F43C2B2C1E2909710083DF75 /* SPBlurView.swift in Sources */,
				F43C2B251E2909710083DF75 /* SPSegmentControlProtocol.swift in Sources */,
				F43C2B1B1E2909710083DF75 /* SPLaunchAnimation.swift in Sources */,
				F43C2B131E2909710083DF75 /* SPConstraintsAssistent.swift in Sources */,
				F43C2B271E2909710083DF75 /* SPSegmentedControl.swift in Sources */,
				F43C2B171E2909710083DF75 /* SPUIImageExtenshion.swift in Sources */,
				F43C2B1A1E2909710083DF75 /* SPLaunchAnimationSlideExtenshion.swift in Sources */,
				F43C2B201E2909710083DF75 /* SPParalaxTableViewController.swift in Sources */,
				F43C2B1E1E2909710083DF75 /* SPGradientViewController.swift in Sources */,
				F43C2B1D1E2909710083DF75 /* SPExtenshionViewController.swift in Sources */,
				F43C2B281E2909710083DF75 /* SPCollectionViewCell.swift in Sources */,
				F43C2B181E2909710083DF75 /* SPInternetConnection.swift in Sources */,
				F43C2B1C1E2909710083DF75 /* SPRandom.swift in Sources */,
				F43C2B1F1E2909710083DF75 /* SPPageItemsScallingViewController.swift in Sources */,
				F43C2B291E2909710083DF75 /* SPPageItemsScalingCollectionView.swift in Sources */,
				F43C2B0F1E2909710083DF75 /* SPAnimationSpring.swift in Sources */,
				F43C2B161E2909710083DF75 /* SPBezierPathFigure.swift in Sources */,
				F43C2B141E2909710083DF75 /* SPDelay.swift in Sources */,
				F43C2B101E2909710083DF75 /* SPAnimationUpward.swift in Sources */,
				F43C2B2A1E2909710083DF75 /* SPPageItemsScalingCollectionLayout.swift in Sources */,
				F43C2B2F1E2909710083DF75 /* SPUIViewExtenshion.swift in Sources */,
				F43C2B2B1E2909710083DF75 /* SPParallaxTableViewCell.swift in Sources */,
				F43C2B111E2909710083DF75 /* SPAudioPlayer.swift in Sources */,
				F472CA321E27D92B00AF39B3 /* ViewController.swift in Sources */,
				F472CA301E27D92B00AF39B3 /* AppDelegate.swift in Sources */,
				F43C2B221E2909710083DF75 /* SPLinesCircleButtonsView.swift in Sources */,
				F43C2B241E2909710083DF75 /* SPSegmentControllCell.swift in Sources */,
				F43C2B121E2909710083DF75 /* SPUIColorExtenshion.swift in Sources */,
				F43C2B191E2909710083DF75 /* SPLaunchAnimationTwitterExtenshion.swift in Sources */,
				F43C2B211E2909710083DF75 /* SPIconsButton.swift in Sources */,
				F43C2B231E2909710083DF75 /* SPRoundButton.swift in Sources */,
				F43C2B261E2909710083DF75 /* SPSegmentControlStyleProtocol.swift in Sources */,
				F43C2B0E1E2909710083DF75 /* SPAnimation.swift in Sources */,
				F43C2B151E2909710083DF75 /* SPUIDeviceExtenshion.swift in Sources */,
				F43C2B2D1E2909710083DF75 /* SPGradientView.swift in Sources */,
				F43C2B2E1E2909710083DF75 /* SPUILabelExtenshion.swift in Sources */,
			);
			runOnlyForDeploymentPostprocessing = 0;
		};
/* End PBXSourcesBuildPhase section */

/* Begin XCBuildConfiguration section */
		F472CA3C1E27D92B00AF39B3 /* Debug */ = {
			isa = XCBuildConfiguration;
			buildSettings = {
				ALWAYS_SEARCH_USER_PATHS = NO;
				CLANG_ANALYZER_NONNULL = YES;
				CLANG_CXX_LANGUAGE_STANDARD = "gnu++0x";
				CLANG_CXX_LIBRARY = "libc++";
				CLANG_ENABLE_MODULES = YES;
				CLANG_ENABLE_OBJC_ARC = YES;
				CLANG_WARN_BOOL_CONVERSION = YES;
				CLANG_WARN_CONSTANT_CONVERSION = YES;
				CLANG_WARN_DIRECT_OBJC_ISA_USAGE = YES_ERROR;
				CLANG_WARN_DOCUMENTATION_COMMENTS = YES;
				CLANG_WARN_EMPTY_BODY = YES;
				CLANG_WARN_ENUM_CONVERSION = YES;
				CLANG_WARN_INFINITE_RECURSION = YES;
				CLANG_WARN_INT_CONVERSION = YES;
				CLANG_WARN_OBJC_ROOT_CLASS = YES_ERROR;
				CLANG_WARN_SUSPICIOUS_MOVE = YES;
				CLANG_WARN_UNREACHABLE_CODE = YES;
				CLANG_WARN__DUPLICATE_METHOD_MATCH = YES;
				"CODE_SIGN_IDENTITY[sdk=iphoneos*]" = "iPhone Developer";
				COPY_PHASE_STRIP = NO;
				DEBUG_INFORMATION_FORMAT = dwarf;
				ENABLE_STRICT_OBJC_MSGSEND = YES;
				ENABLE_TESTABILITY = YES;
				GCC_C_LANGUAGE_STANDARD = gnu99;
				GCC_DYNAMIC_NO_PIC = NO;
				GCC_NO_COMMON_BLOCKS = YES;
				GCC_OPTIMIZATION_LEVEL = 0;
				GCC_PREPROCESSOR_DEFINITIONS = (
					"DEBUG=1",
					"$(inherited)",
				);
				GCC_WARN_64_TO_32_BIT_CONVERSION = YES;
				GCC_WARN_ABOUT_RETURN_TYPE = YES_ERROR;
				GCC_WARN_UNDECLARED_SELECTOR = YES;
				GCC_WARN_UNINITIALIZED_AUTOS = YES_AGGRESSIVE;
				GCC_WARN_UNUSED_FUNCTION = YES;
				GCC_WARN_UNUSED_VARIABLE = YES;
				IPHONEOS_DEPLOYMENT_TARGET = 10.2;
				MTL_ENABLE_DEBUG_INFO = YES;
				ONLY_ACTIVE_ARCH = YES;
				SDKROOT = iphoneos;
				SWIFT_ACTIVE_COMPILATION_CONDITIONS = DEBUG;
				SWIFT_OPTIMIZATION_LEVEL = "-Onone";
				TARGETED_DEVICE_FAMILY = "1,2";
			};
			name = Debug;
		};
		F472CA3D1E27D92B00AF39B3 /* Release */ = {
			isa = XCBuildConfiguration;
			buildSettings = {
				ALWAYS_SEARCH_USER_PATHS = NO;
				CLANG_ANALYZER_NONNULL = YES;
				CLANG_CXX_LANGUAGE_STANDARD = "gnu++0x";
				CLANG_CXX_LIBRARY = "libc++";
				CLANG_ENABLE_MODULES = YES;
				CLANG_ENABLE_OBJC_ARC = YES;
				CLANG_WARN_BOOL_CONVERSION = YES;
				CLANG_WARN_CONSTANT_CONVERSION = YES;
				CLANG_WARN_DIRECT_OBJC_ISA_USAGE = YES_ERROR;
				CLANG_WARN_DOCUMENTATION_COMMENTS = YES;
				CLANG_WARN_EMPTY_BODY = YES;
				CLANG_WARN_ENUM_CONVERSION = YES;
				CLANG_WARN_INFINITE_RECURSION = YES;
				CLANG_WARN_INT_CONVERSION = YES;
				CLANG_WARN_OBJC_ROOT_CLASS = YES_ERROR;
				CLANG_WARN_SUSPICIOUS_MOVE = YES;
				CLANG_WARN_UNREACHABLE_CODE = YES;
				CLANG_WARN__DUPLICATE_METHOD_MATCH = YES;
				"CODE_SIGN_IDENTITY[sdk=iphoneos*]" = "iPhone Developer";
				COPY_PHASE_STRIP = NO;
				DEBUG_INFORMATION_FORMAT = "dwarf-with-dsym";
				ENABLE_NS_ASSERTIONS = NO;
				ENABLE_STRICT_OBJC_MSGSEND = YES;
				GCC_C_LANGUAGE_STANDARD = gnu99;
				GCC_NO_COMMON_BLOCKS = YES;
				GCC_WARN_64_TO_32_BIT_CONVERSION = YES;
				GCC_WARN_ABOUT_RETURN_TYPE = YES_ERROR;
				GCC_WARN_UNDECLARED_SELECTOR = YES;
				GCC_WARN_UNINITIALIZED_AUTOS = YES_AGGRESSIVE;
				GCC_WARN_UNUSED_FUNCTION = YES;
				GCC_WARN_UNUSED_VARIABLE = YES;
				IPHONEOS_DEPLOYMENT_TARGET = 10.2;
				MTL_ENABLE_DEBUG_INFO = NO;
				SDKROOT = iphoneos;
				SWIFT_OPTIMIZATION_LEVEL = "-Owholemodule";
				TARGETED_DEVICE_FAMILY = "1,2";
				VALIDATE_PRODUCT = YES;
			};
			name = Release;
		};
		F472CA3F1E27D92B00AF39B3 /* Debug */ = {
			isa = XCBuildConfiguration;
			buildSettings = {
				ASSETCATALOG_COMPILER_APPICON_NAME = AppIcon;
				DEVELOPMENT_TEAM = MNM2TM9G7C;
				INFOPLIST_FILE = TwitterLaucnhAnimation/Info.plist;
				IPHONEOS_DEPLOYMENT_TARGET = 8.0;
				LD_RUNPATH_SEARCH_PATHS = "$(inherited) @executable_path/Frameworks";
				PRODUCT_BUNDLE_IDENTIFIER = by.ivanvorobei.TwitterLaucnhAnimation;
				PRODUCT_NAME = "$(TARGET_NAME)";
				SWIFT_VERSION = 3.0;
			};
			name = Debug;
		};
		F472CA401E27D92B00AF39B3 /* Release */ = {
			isa = XCBuildConfiguration;
			buildSettings = {
				ASSETCATALOG_COMPILER_APPICON_NAME = AppIcon;
				DEVELOPMENT_TEAM = MNM2TM9G7C;
				INFOPLIST_FILE = TwitterLaucnhAnimation/Info.plist;
				IPHONEOS_DEPLOYMENT_TARGET = 8.0;
				LD_RUNPATH_SEARCH_PATHS = "$(inherited) @executable_path/Frameworks";
				PRODUCT_BUNDLE_IDENTIFIER = by.ivanvorobei.TwitterLaucnhAnimation;
				PRODUCT_NAME = "$(TARGET_NAME)";
				SWIFT_VERSION = 3.0;
			};
			name = Release;
		};
/* End XCBuildConfiguration section */

/* Begin XCConfigurationList section */
		F472CA271E27D92B00AF39B3 /* Build configuration list for PBXProject "TwitterLaucnhAnimation" */ = {
			isa = XCConfigurationList;
			buildConfigurations = (
				F472CA3C1E27D92B00AF39B3 /* Debug */,
				F472CA3D1E27D92B00AF39B3 /* Release */,
			);
			defaultConfigurationIsVisible = 0;
			defaultConfigurationName = Release;
		};
		F472CA3E1E27D92B00AF39B3 /* Build configuration list for PBXNativeTarget "TwitterLaucnhAnimation" */ = {
			isa = XCConfigurationList;
			buildConfigurations = (
				F472CA3F1E27D92B00AF39B3 /* Debug */,
				F472CA401E27D92B00AF39B3 /* Release */,
			);
			defaultConfigurationIsVisible = 0;
			defaultConfigurationName = Release;
		};
/* End XCConfigurationList section */
	};
	rootObject = F472CA241E27D92B00AF39B3 /* Project object */;
}
