// !$*UTF8*$!
{
	archiveVersion = 1;
	classes = {
	};
	objectVersion = 46;
	objects = {

/* Begin PBXBuildFile section */
		F43C2AA11E28CFD80083DF75 /* SPLaunchAnimationTwitterExtenshion.swift in Sources */ = {isa = PBXBuildFile; fileRef = F43C2AA01E28CFD80083DF75 /* SPLaunchAnimationTwitterExtenshion.swift */; };
		F43C2AA31E28DB610083DF75 /* Main.storyboard in Resources */ = {isa = PBXBuildFile; fileRef = F43C2AA21E28DB610083DF75 /* Main.storyboard */; };
		F43C2AA51E28E18C0083DF75 /* LaunchScreen.storyboard in Resources */ = {isa = PBXBuildFile; fileRef = F43C2AA41E28E18C0083DF75 /* LaunchScreen.storyboard */; };
		F472CA301E27D92B00AF39B3 /* AppDelegate.swift in Sources */ = {isa = PBXBuildFile; fileRef = F472CA2F1E27D92B00AF39B3 /* AppDelegate.swift */; };
		F472CA321E27D92B00AF39B3 /* ViewController.swift in Sources */ = {isa = PBXBuildFile; fileRef = F472CA311E27D92B00AF39B3 /* ViewController.swift */; };
		F472CA371E27D92B00AF39B3 /* Assets.xcassets in Resources */ = {isa = PBXBuildFile; fileRef = F472CA361E27D92B00AF39B3 /* Assets.xcassets */; };
		F472CA831E27D98300AF39B3 /* SPAnimation.swift in Sources */ = {isa = PBXBuildFile; fileRef = F472CA441E27D98300AF39B3 /* SPAnimation.swift */; };
		F472CA841E27D98300AF39B3 /* SPAnimationSpring.swift in Sources */ = {isa = PBXBuildFile; fileRef = F472CA451E27D98300AF39B3 /* SPAnimationSpring.swift */; };
		F472CA851E27D98300AF39B3 /* SPAnimationUpward.swift in Sources */ = {isa = PBXBuildFile; fileRef = F472CA461E27D98300AF39B3 /* SPAnimationUpward.swift */; };
		F472CA861E27D98300AF39B3 /* SPAudioPlayer.swift in Sources */ = {isa = PBXBuildFile; fileRef = F472CA481E27D98300AF39B3 /* SPAudioPlayer.swift */; };
		F472CA871E27D98300AF39B3 /* SPUIColorExtenshion.swift in Sources */ = {isa = PBXBuildFile; fileRef = F472CA4A1E27D98300AF39B3 /* SPUIColorExtenshion.swift */; };
		F472CA881E27D98300AF39B3 /* SPConstraintsAssistent.swift in Sources */ = {isa = PBXBuildFile; fileRef = F472CA4C1E27D98300AF39B3 /* SPConstraintsAssistent.swift */; };
		F472CA891E27D98300AF39B3 /* SPDelay.swift in Sources */ = {isa = PBXBuildFile; fileRef = F472CA4E1E27D98300AF39B3 /* SPDelay.swift */; };
		F472CA8A1E27D98300AF39B3 /* SPUIDeviceExtenshion.swift in Sources */ = {isa = PBXBuildFile; fileRef = F472CA501E27D98300AF39B3 /* SPUIDeviceExtenshion.swift */; };
		F472CA8B1E27D98300AF39B3 /* SPBezierPathFigure.swift in Sources */ = {isa = PBXBuildFile; fileRef = F472CA531E27D98300AF39B3 /* SPBezierPathFigure.swift */; };
		F472CA8C1E27D98300AF39B3 /* SPUIImageExtenshion.swift in Sources */ = {isa = PBXBuildFile; fileRef = F472CA551E27D98300AF39B3 /* SPUIImageExtenshion.swift */; };
		F472CA8D1E27D98300AF39B3 /* SPInternetConnection.swift in Sources */ = {isa = PBXBuildFile; fileRef = F472CA571E27D98300AF39B3 /* SPInternetConnection.swift */; };
		F472CA8F1E27D98300AF39B3 /* SPLaunchAnimationSlideExtenshion.swift in Sources */ = {isa = PBXBuildFile; fileRef = F472CA5D1E27D98300AF39B3 /* SPLaunchAnimationSlideExtenshion.swift */; };
		F472CA901E27D98300AF39B3 /* SPLaunchAnimation.swift in Sources */ = {isa = PBXBuildFile; fileRef = F472CA5E1E27D98300AF39B3 /* SPLaunchAnimation.swift */; };
		F472CA911E27D98300AF39B3 /* SPRandom.swift in Sources */ = {isa = PBXBuildFile; fileRef = F472CA601E27D98300AF39B3 /* SPRandom.swift */; };
		F472CA921E27D98300AF39B3 /* SPExtenshionViewController.swift in Sources */ = {isa = PBXBuildFile; fileRef = F472CA631E27D98300AF39B3 /* SPExtenshionViewController.swift */; };
		F472CA931E27D98300AF39B3 /* SPGradientViewController.swift in Sources */ = {isa = PBXBuildFile; fileRef = F472CA641E27D98300AF39B3 /* SPGradientViewController.swift */; };
		F472CA941E27D98300AF39B3 /* SPPageItemsScallingViewController.swift in Sources */ = {isa = PBXBuildFile; fileRef = F472CA651E27D98300AF39B3 /* SPPageItemsScallingViewController.swift */; };
		F472CA951E27D98300AF39B3 /* SPParalaxTableViewController.swift in Sources */ = {isa = PBXBuildFile; fileRef = F472CA661E27D98300AF39B3 /* SPParalaxTableViewController.swift */; };
		F472CA961E27D98300AF39B3 /* SPIconsButton.swift in Sources */ = {isa = PBXBuildFile; fileRef = F472CA691E27D98300AF39B3 /* SPIconsButton.swift */; };
		F472CA971E27D98300AF39B3 /* SPLinesCircleButtonsView.swift in Sources */ = {isa = PBXBuildFile; fileRef = F472CA6A1E27D98300AF39B3 /* SPLinesCircleButtonsView.swift */; };
		F472CA981E27D98300AF39B3 /* SPRoundButton.swift in Sources */ = {isa = PBXBuildFile; fileRef = F472CA6B1E27D98300AF39B3 /* SPRoundButton.swift */; };
		F472CA991E27D98300AF39B3 /* SPSegmentControllCell.swift in Sources */ = {isa = PBXBuildFile; fileRef = F472CA6D1E27D98300AF39B3 /* SPSegmentControllCell.swift */; };
		F472CA9A1E27D98300AF39B3 /* SPSegmentControlProtocol.swift in Sources */ = {isa = PBXBuildFile; fileRef = F472CA6E1E27D98300AF39B3 /* SPSegmentControlProtocol.swift */; };
		F472CA9B1E27D98300AF39B3 /* SPSegmentControlStyleProtocol.swift in Sources */ = {isa = PBXBuildFile; fileRef = F472CA6F1E27D98300AF39B3 /* SPSegmentControlStyleProtocol.swift */; };
		F472CA9C1E27D98300AF39B3 /* SPSegmentedControl.swift in Sources */ = {isa = PBXBuildFile; fileRef = F472CA701E27D98300AF39B3 /* SPSegmentedControl.swift */; };
		F472CA9D1E27D98300AF39B3 /* SPCollectionViewCell.swift in Sources */ = {isa = PBXBuildFile; fileRef = F472CA741E27D98300AF39B3 /* SPCollectionViewCell.swift */; };
		F472CA9E1E27D98300AF39B3 /* SPPageItemsScalingCollectionView.swift in Sources */ = {isa = PBXBuildFile; fileRef = F472CA761E27D98300AF39B3 /* SPPageItemsScalingCollectionView.swift */; };
		F472CA9F1E27D98300AF39B3 /* SPPageItemsScalingCollectionLayout.swift in Sources */ = {isa = PBXBuildFile; fileRef = F472CA781E27D98300AF39B3 /* SPPageItemsScalingCollectionLayout.swift */; };
		F472CAA01E27D98300AF39B3 /* SPParallaxTableViewCell.swift in Sources */ = {isa = PBXBuildFile; fileRef = F472CA7B1E27D98300AF39B3 /* SPParallaxTableViewCell.swift */; };
		F472CAA11E27D98300AF39B3 /* SPBlurView.swift in Sources */ = {isa = PBXBuildFile; fileRef = F472CA7E1E27D98300AF39B3 /* SPBlurView.swift */; };
		F472CAA21E27D98300AF39B3 /* SPGradientView.swift in Sources */ = {isa = PBXBuildFile; fileRef = F472CA7F1E27D98300AF39B3 /* SPGradientView.swift */; };
		F472CAA31E27D98300AF39B3 /* SPUILabelExtenshion.swift in Sources */ = {isa = PBXBuildFile; fileRef = F472CA801E27D98300AF39B3 /* SPUILabelExtenshion.swift */; };
		F472CAA41E27D98300AF39B3 /* SPUIViewExtenshion.swift in Sources */ = {isa = PBXBuildFile; fileRef = F472CA811E27D98300AF39B3 /* SPUIViewExtenshion.swift */; };
/* End PBXBuildFile section */

/* Begin PBXFileReference section */
		F43C2AA01E28CFD80083DF75 /* SPLaunchAnimationTwitterExtenshion.swift */ = {isa = PBXFileReference; fileEncoding = 4; lastKnownFileType = sourcecode.swift; path = SPLaunchAnimationTwitterExtenshion.swift; sourceTree = "<group>"; };
		F43C2AA21E28DB610083DF75 /* Main.storyboard */ = {isa = PBXFileReference; fileEncoding = 4; lastKnownFileType = file.storyboard; path = Main.storyboard; sourceTree = "<group>"; };
		F43C2AA41E28E18C0083DF75 /* LaunchScreen.storyboard */ = {isa = PBXFileReference; fileEncoding = 4; lastKnownFileType = file.storyboard; path = LaunchScreen.storyboard; sourceTree = "<group>"; };
		F472CA2C1E27D92B00AF39B3 /* TwitterLaucnhAnimation.app */ = {isa = PBXFileReference; explicitFileType = wrapper.application; includeInIndex = 0; path = TwitterLaucnhAnimation.app; sourceTree = BUILT_PRODUCTS_DIR; };
		F472CA2F1E27D92B00AF39B3 /* AppDelegate.swift */ = {isa = PBXFileReference; lastKnownFileType = sourcecode.swift; path = AppDelegate.swift; sourceTree = "<group>"; };
		F472CA311E27D92B00AF39B3 /* ViewController.swift */ = {isa = PBXFileReference; lastKnownFileType = sourcecode.swift; path = ViewController.swift; sourceTree = "<group>"; };
		F472CA361E27D92B00AF39B3 /* Assets.xcassets */ = {isa = PBXFileReference; lastKnownFileType = folder.assetcatalog; path = Assets.xcassets; sourceTree = "<group>"; };
		F472CA3B1E27D92B00AF39B3 /* Info.plist */ = {isa = PBXFileReference; lastKnownFileType = text.plist.xml; path = Info.plist; sourceTree = "<group>"; };
		F472CA441E27D98300AF39B3 /* SPAnimation.swift */ = {isa = PBXFileReference; fileEncoding = 4; lastKnownFileType = sourcecode.swift; path = SPAnimation.swift; sourceTree = "<group>"; };
		F472CA451E27D98300AF39B3 /* SPAnimationSpring.swift */ = {isa = PBXFileReference; fileEncoding = 4; lastKnownFileType = sourcecode.swift; path = SPAnimationSpring.swift; sourceTree = "<group>"; };
		F472CA461E27D98300AF39B3 /* SPAnimationUpward.swift */ = {isa = PBXFileReference; fileEncoding = 4; lastKnownFileType = sourcecode.swift; path = SPAnimationUpward.swift; sourceTree = "<group>"; };
		F472CA481E27D98300AF39B3 /* SPAudioPlayer.swift */ = {isa = PBXFileReference; fileEncoding = 4; lastKnownFileType = sourcecode.swift; path = SPAudioPlayer.swift; sourceTree = "<group>"; };
		F472CA4A1E27D98300AF39B3 /* SPUIColorExtenshion.swift */ = {isa = PBXFileReference; fileEncoding = 4; lastKnownFileType = sourcecode.swift; path = SPUIColorExtenshion.swift; sourceTree = "<group>"; };
		F472CA4C1E27D98300AF39B3 /* SPConstraintsAssistent.swift */ = {isa = PBXFileReference; fileEncoding = 4; lastKnownFileType = sourcecode.swift; path = SPConstraintsAssistent.swift; sourceTree = "<group>"; };
		F472CA4E1E27D98300AF39B3 /* SPDelay.swift */ = {isa = PBXFileReference; fileEncoding = 4; lastKnownFileType = sourcecode.swift; path = SPDelay.swift; sourceTree = "<group>"; };
		F472CA501E27D98300AF39B3 /* SPUIDeviceExtenshion.swift */ = {isa = PBXFileReference; fileEncoding = 4; lastKnownFileType = sourcecode.swift; path = SPUIDeviceExtenshion.swift; sourceTree = "<group>"; };
		F472CA531E27D98300AF39B3 /* SPBezierPathFigure.swift */ = {isa = PBXFileReference; fileEncoding = 4; lastKnownFileType = sourcecode.swift; path = SPBezierPathFigure.swift; sourceTree = "<group>"; };
		F472CA551E27D98300AF39B3 /* SPUIImageExtenshion.swift */ = {isa = PBXFileReference; fileEncoding = 4; lastKnownFileType = sourcecode.swift; path = SPUIImageExtenshion.swift; sourceTree = "<group>"; };
		F472CA571E27D98300AF39B3 /* SPInternetConnection.swift */ = {isa = PBXFileReference; fileEncoding = 4; lastKnownFileType = sourcecode.swift; path = SPInternetConnection.swift; sourceTree = "<group>"; };
		F472CA5D1E27D98300AF39B3 /* SPLaunchAnimationSlideExtenshion.swift */ = {isa = PBXFileReference; fileEncoding = 4; lastKnownFileType = sourcecode.swift; path = SPLaunchAnimationSlideExtenshion.swift; sourceTree = "<group>"; };
		F472CA5E1E27D98300AF39B3 /* SPLaunchAnimation.swift */ = {isa = PBXFileReference; fileEncoding = 4; lastKnownFileType = sourcecode.swift; path = SPLaunchAnimation.swift; sourceTree = "<group>"; };
		F472CA601E27D98300AF39B3 /* SPRandom.swift */ = {isa = PBXFileReference; fileEncoding = 4; lastKnownFileType = sourcecode.swift; path = SPRandom.swift; sourceTree = "<group>"; };
		F472CA631E27D98300AF39B3 /* SPExtenshionViewController.swift */ = {isa = PBXFileReference; fileEncoding = 4; lastKnownFileType = sourcecode.swift; path = SPExtenshionViewController.swift; sourceTree = "<group>"; };
		F472CA641E27D98300AF39B3 /* SPGradientViewController.swift */ = {isa = PBXFileReference; fileEncoding = 4; lastKnownFileType = sourcecode.swift; path = SPGradientViewController.swift; sourceTree = "<group>"; };
		F472CA651E27D98300AF39B3 /* SPPageItemsScallingViewController.swift */ = {isa = PBXFileReference; fileEncoding = 4; lastKnownFileType = sourcecode.swift; path = SPPageItemsScallingViewController.swift; sourceTree = "<group>"; };
		F472CA661E27D98300AF39B3 /* SPParalaxTableViewController.swift */ = {isa = PBXFileReference; fileEncoding = 4; lastKnownFileType = sourcecode.swift; path = SPParalaxTableViewController.swift; sourceTree = "<group>"; };
		F472CA691E27D98300AF39B3 /* SPIconsButton.swift */ = {isa = PBXFileReference; fileEncoding = 4; lastKnownFileType = sourcecode.swift; path = SPIconsButton.swift; sourceTree = "<group>"; };
		F472CA6A1E27D98300AF39B3 /* SPLinesCircleButtonsView.swift */ = {isa = PBXFileReference; fileEncoding = 4; lastKnownFileType = sourcecode.swift; path = SPLinesCircleButtonsView.swift; sourceTree = "<group>"; };
		F472CA6B1E27D98300AF39B3 /* SPRoundButton.swift */ = {isa = PBXFileReference; fileEncoding = 4; lastKnownFileType = sourcecode.swift; path = SPRoundButton.swift; sourceTree = "<group>"; };
		F472CA6D1E27D98300AF39B3 /* SPSegmentControllCell.swift */ = {isa = PBXFileReference; fileEncoding = 4; lastKnownFileType = sourcecode.swift; path = SPSegmentControllCell.swift; sourceTree = "<group>"; };
		F472CA6E1E27D98300AF39B3 /* SPSegmentControlProtocol.swift */ = {isa = PBXFileReference; fileEncoding = 4; lastKnownFileType = sourcecode.swift; path = SPSegmentControlProtocol.swift; sourceTree = "<group>"; };
		F472CA6F1E27D98300AF39B3 /* SPSegmentControlStyleProtocol.swift */ = {isa = PBXFileReference; fileEncoding = 4; lastKnownFileType = sourcecode.swift; path = SPSegmentControlStyleProtocol.swift; sourceTree = "<group>"; };
		F472CA701E27D98300AF39B3 /* SPSegmentedControl.swift */ = {isa = PBXFileReference; fileEncoding = 4; lastKnownFileType = sourcecode.swift; path = SPSegmentedControl.swift; sourceTree = "<group>"; };
		F472CA741E27D98300AF39B3 /* SPCollectionViewCell.swift */ = {isa = PBXFileReference; fileEncoding = 4; lastKnownFileType = sourcecode.swift; path = SPCollectionViewCell.swift; sourceTree = "<group>"; };
		F472CA761E27D98300AF39B3 /* SPPageItemsScalingCollectionView.swift */ = {isa = PBXFileReference; fileEncoding = 4; lastKnownFileType = sourcecode.swift; path = SPPageItemsScalingCollectionView.swift; sourceTree = "<group>"; };
		F472CA781E27D98300AF39B3 /* SPPageItemsScalingCollectionLayout.swift */ = {isa = PBXFileReference; fileEncoding = 4; lastKnownFileType = sourcecode.swift; path = SPPageItemsScalingCollectionLayout.swift; sourceTree = "<group>"; };
		F472CA7B1E27D98300AF39B3 /* SPParallaxTableViewCell.swift */ = {isa = PBXFileReference; fileEncoding = 4; lastKnownFileType = sourcecode.swift; path = SPParallaxTableViewCell.swift; sourceTree = "<group>"; };
		F472CA7E1E27D98300AF39B3 /* SPBlurView.swift */ = {isa = PBXFileReference; fileEncoding = 4; lastKnownFileType = sourcecode.swift; path = SPBlurView.swift; sourceTree = "<group>"; };
		F472CA7F1E27D98300AF39B3 /* SPGradientView.swift */ = {isa = PBXFileReference; fileEncoding = 4; lastKnownFileType = sourcecode.swift; path = SPGradientView.swift; sourceTree = "<group>"; };
		F472CA801E27D98300AF39B3 /* SPUILabelExtenshion.swift */ = {isa = PBXFileReference; fileEncoding = 4; lastKnownFileType = sourcecode.swift; path = SPUILabelExtenshion.swift; sourceTree = "<group>"; };
		F472CA811E27D98300AF39B3 /* SPUIViewExtenshion.swift */ = {isa = PBXFileReference; fileEncoding = 4; lastKnownFileType = sourcecode.swift; path = SPUIViewExtenshion.swift; sourceTree = "<group>"; };
/* End PBXFileReference section */

/* Begin PBXFrameworksBuildPhase section */
		F472CA291E27D92B00AF39B3 /* Frameworks */ = {
			isa = PBXFrameworksBuildPhase;
			buildActionMask = 2147483647;
			files = (
			);
			runOnlyForDeploymentPostprocessing = 0;
		};
/* End PBXFrameworksBuildPhase section */

/* Begin PBXGroup section */
		F472CA231E27D92B00AF39B3 = {
			isa = PBXGroup;
			children = (
				F472CA2E1E27D92B00AF39B3 /* TwitterLaucnhAnimation */,
				F472CA2D1E27D92B00AF39B3 /* Products */,
			);
			sourceTree = "<group>";
		};
		F472CA2D1E27D92B00AF39B3 /* Products */ = {
			isa = PBXGroup;
			children = (
				F472CA2C1E27D92B00AF39B3 /* TwitterLaucnhAnimation.app */,
			);
			name = Products;
			sourceTree = "<group>";
		};
		F472CA2E1E27D92B00AF39B3 /* TwitterLaucnhAnimation */ = {
			isa = PBXGroup;
			children = (
				F472CA411E27D98300AF39B3 /* frameworks */,
				F472CA2F1E27D92B00AF39B3 /* AppDelegate.swift */,
				F472CA311E27D92B00AF39B3 /* ViewController.swift */,
				F472CA361E27D92B00AF39B3 /* Assets.xcassets */,
				F43C2AA41E28E18C0083DF75 /* LaunchScreen.storyboard */,
				F43C2AA21E28DB610083DF75 /* Main.storyboard */,
				F472CA3B1E27D92B00AF39B3 /* Info.plist */,
			);
			path = TwitterLaucnhAnimation;
			sourceTree = "<group>";
		};
		F472CA411E27D98300AF39B3 /* frameworks */ = {
			isa = PBXGroup;
			children = (
				F472CA421E27D98300AF39B3 /* sparrow */,
			);
			path = frameworks;
			sourceTree = "<group>";
		};
		F472CA421E27D98300AF39B3 /* sparrow */ = {
			isa = PBXGroup;
			children = (
				F472CA431E27D98300AF39B3 /* animation */,
				F472CA471E27D98300AF39B3 /* audio */,
				F472CA491E27D98300AF39B3 /* color */,
				F472CA4B1E27D98300AF39B3 /* constraints */,
				F472CA4D1E27D98300AF39B3 /* delay */,
				F472CA4F1E27D98300AF39B3 /* device */,
				F472CA511E27D98300AF39B3 /* figure */,
				F472CA541E27D98300AF39B3 /* image */,
				F472CA561E27D98300AF39B3 /* internetConnection */,
				F472CA581E27D98300AF39B3 /* launch */,
				F472CA5F1E27D98300AF39B3 /* random */,
				F472CA611E27D98300AF39B3 /* ui */,
			);
			path = sparrow;
			sourceTree = "<group>";
		};
		F472CA431E27D98300AF39B3 /* animation */ = {
			isa = PBXGroup;
			children = (
				F472CA441E27D98300AF39B3 /* SPAnimation.swift */,
				F472CA451E27D98300AF39B3 /* SPAnimationSpring.swift */,
				F472CA461E27D98300AF39B3 /* SPAnimationUpward.swift */,
			);
			path = animation;
			sourceTree = "<group>";
		};
		F472CA471E27D98300AF39B3 /* audio */ = {
			isa = PBXGroup;
			children = (
				F472CA481E27D98300AF39B3 /* SPAudioPlayer.swift */,
			);
			path = audio;
			sourceTree = "<group>";
		};
		F472CA491E27D98300AF39B3 /* color */ = {
			isa = PBXGroup;
			children = (
				F472CA4A1E27D98300AF39B3 /* SPUIColorExtenshion.swift */,
			);
			path = color;
			sourceTree = "<group>";
		};
		F472CA4B1E27D98300AF39B3 /* constraints */ = {
			isa = PBXGroup;
			children = (
				F472CA4C1E27D98300AF39B3 /* SPConstraintsAssistent.swift */,
			);
			path = constraints;
			sourceTree = "<group>";
		};
		F472CA4D1E27D98300AF39B3 /* delay */ = {
			isa = PBXGroup;
			children = (
				F472CA4E1E27D98300AF39B3 /* SPDelay.swift */,
			);
			path = delay;
			sourceTree = "<group>";
		};
		F472CA4F1E27D98300AF39B3 /* device */ = {
			isa = PBXGroup;
			children = (
				F472CA501E27D98300AF39B3 /* SPUIDeviceExtenshion.swift */,
			);
			path = device;
			sourceTree = "<group>";
		};
		F472CA511E27D98300AF39B3 /* figure */ = {
			isa = PBXGroup;
			children = (
				F472CA521E27D98300AF39B3 /* bezierPathFigure */,
			);
			path = figure;
			sourceTree = "<group>";
		};
		F472CA521E27D98300AF39B3 /* bezierPathFigure */ = {
			isa = PBXGroup;
			children = (
				F472CA531E27D98300AF39B3 /* SPBezierPathFigure.swift */,
			);
			path = bezierPathFigure;
			sourceTree = "<group>";
		};
		F472CA541E27D98300AF39B3 /* image */ = {
			isa = PBXGroup;
			children = (
				F472CA551E27D98300AF39B3 /* SPUIImageExtenshion.swift */,
			);
			path = image;
			sourceTree = "<group>";
		};
		F472CA561E27D98300AF39B3 /* internetConnection */ = {
			isa = PBXGroup;
			children = (
				F472CA571E27D98300AF39B3 /* SPInternetConnection.swift */,
			);
			path = internetConnection;
			sourceTree = "<group>";
		};
		F472CA581E27D98300AF39B3 /* launch */ = {
			isa = PBXGroup;
			children = (
				F472CA591E27D98300AF39B3 /* animation */,
			);
			path = launch;
			sourceTree = "<group>";
		};
		F472CA591E27D98300AF39B3 /* animation */ = {
			isa = PBXGroup;
			children = (
				F472CA5A1E27D98300AF39B3 /* asTwitter */,
				F472CA5C1E27D98300AF39B3 /* slide */,
				F472CA5E1E27D98300AF39B3 /* SPLaunchAnimation.swift */,
			);
			path = animation;
			sourceTree = "<group>";
		};
		F472CA5A1E27D98300AF39B3 /* asTwitter */ = {
			isa = PBXGroup;
			children = (
				F43C2AA01E28CFD80083DF75 /* SPLaunchAnimationTwitterExtenshion.swift */,
			);
			path = asTwitter;
			sourceTree = "<group>";
		};
		F472CA5C1E27D98300AF39B3 /* slide */ = {
			isa = PBXGroup;
			children = (
				F472CA5D1E27D98300AF39B3 /* SPLaunchAnimationSlideExtenshion.swift */,
			);
			path = slide;
			sourceTree = "<group>";
		};
		F472CA5F1E27D98300AF39B3 /* random */ = {
			isa = PBXGroup;
			children = (
				F472CA601E27D98300AF39B3 /* SPRandom.swift */,
			);
			path = random;
			sourceTree = "<group>";
		};
		F472CA611E27D98300AF39B3 /* ui */ = {
			isa = PBXGroup;
			children = (
				F472CA621E27D98300AF39B3 /* controllers */,
				F472CA671E27D98300AF39B3 /* controls */,
				F472CA711E27D98300AF39B3 /* views */,
			);
			path = ui;
			sourceTree = "<group>";
		};
		F472CA621E27D98300AF39B3 /* controllers */ = {
			isa = PBXGroup;
			children = (
				F472CA631E27D98300AF39B3 /* SPExtenshionViewController.swift */,
				F472CA641E27D98300AF39B3 /* SPGradientViewController.swift */,
				F472CA651E27D98300AF39B3 /* SPPageItemsScallingViewController.swift */,
				F472CA661E27D98300AF39B3 /* SPParalaxTableViewController.swift */,
			);
			path = controllers;
			sourceTree = "<group>";
		};
		F472CA671E27D98300AF39B3 /* controls */ = {
			isa = PBXGroup;
			children = (
				F472CA681E27D98300AF39B3 /* buttons */,
				F472CA6C1E27D98300AF39B3 /* segmentedControl */,
			);
			path = controls;
			sourceTree = "<group>";
		};
		F472CA681E27D98300AF39B3 /* buttons */ = {
			isa = PBXGroup;
			children = (
				F472CA691E27D98300AF39B3 /* SPIconsButton.swift */,
				F472CA6A1E27D98300AF39B3 /* SPLinesCircleButtonsView.swift */,
				F472CA6B1E27D98300AF39B3 /* SPRoundButton.swift */,
			);
			path = buttons;
			sourceTree = "<group>";
		};
		F472CA6C1E27D98300AF39B3 /* segmentedControl */ = {
			isa = PBXGroup;
			children = (
				F472CA6D1E27D98300AF39B3 /* SPSegmentControllCell.swift */,
				F472CA6E1E27D98300AF39B3 /* SPSegmentControlProtocol.swift */,
				F472CA6F1E27D98300AF39B3 /* SPSegmentControlStyleProtocol.swift */,
				F472CA701E27D98300AF39B3 /* SPSegmentedControl.swift */,
			);
			path = segmentedControl;
			sourceTree = "<group>";
		};
		F472CA711E27D98300AF39B3 /* views */ = {
			isa = PBXGroup;
			children = (
				F472CA721E27D98300AF39B3 /* collectionViews */,
				F472CA791E27D98300AF39B3 /* tableViews */,
				F472CA7D1E27D98300AF39B3 /* views */,
			);
			path = views;
			sourceTree = "<group>";
		};
		F472CA721E27D98300AF39B3 /* collectionViews */ = {
			isa = PBXGroup;
			children = (
				F472CA731E27D98300AF39B3 /* cells */,
				F472CA751E27D98300AF39B3 /* collectionViews */,
				F472CA771E27D98300AF39B3 /* layouts */,
			);
			path = collectionViews;
			sourceTree = "<group>";
		};
		F472CA731E27D98300AF39B3 /* cells */ = {
			isa = PBXGroup;
			children = (
				F472CA741E27D98300AF39B3 /* SPCollectionViewCell.swift */,
			);
			path = cells;
			sourceTree = "<group>";
		};
		F472CA751E27D98300AF39B3 /* collectionViews */ = {
			isa = PBXGroup;
			children = (
				F472CA761E27D98300AF39B3 /* SPPageItemsScalingCollectionView.swift */,
			);
			path = collectionViews;
			sourceTree = "<group>";
		};
		F472CA771E27D98300AF39B3 /* layouts */ = {
			isa = PBXGroup;
			children = (
				F472CA781E27D98300AF39B3 /* SPPageItemsScalingCollectionLayout.swift */,
			);
			path = layouts;
			sourceTree = "<group>";
		};
		F472CA791E27D98300AF39B3 /* tableViews */ = {
			isa = PBXGroup;
			children = (
				F472CA7A1E27D98300AF39B3 /* cell */,
				F472CA7C1E27D98300AF39B3 /* tableViews */,
			);
			path = tableViews;
			sourceTree = "<group>";
		};
		F472CA7A1E27D98300AF39B3 /* cell */ = {
			isa = PBXGroup;
			children = (
				F472CA7B1E27D98300AF39B3 /* SPParallaxTableViewCell.swift */,
			);
			path = cell;
			sourceTree = "<group>";
		};
		F472CA7C1E27D98300AF39B3 /* tableViews */ = {
			isa = PBXGroup;
			children = (
			);
			path = tableViews;
			sourceTree = "<group>";
		};
		F472CA7D1E27D98300AF39B3 /* views */ = {
			isa = PBXGroup;
			children = (
				F472CA7E1E27D98300AF39B3 /* SPBlurView.swift */,
				F472CA7F1E27D98300AF39B3 /* SPGradientView.swift */,
				F472CA801E27D98300AF39B3 /* SPUILabelExtenshion.swift */,
				F472CA811E27D98300AF39B3 /* SPUIViewExtenshion.swift */,
			);
			path = views;
			sourceTree = "<group>";
		};
/* End PBXGroup section */

/* Begin PBXNativeTarget section */
		F472CA2B1E27D92B00AF39B3 /* TwitterLaucnhAnimation */ = {
			isa = PBXNativeTarget;
			buildConfigurationList = F472CA3E1E27D92B00AF39B3 /* Build configuration list for PBXNativeTarget "TwitterLaucnhAnimation" */;
			buildPhases = (
				F472CA281E27D92B00AF39B3 /* Sources */,
				F472CA291E27D92B00AF39B3 /* Frameworks */,
				F472CA2A1E27D92B00AF39B3 /* Resources */,
			);
			buildRules = (
			);
			dependencies = (
			);
			name = TwitterLaucnhAnimation;
			productName = TwitterLaucnhAnimation;
			productReference = F472CA2C1E27D92B00AF39B3 /* TwitterLaucnhAnimation.app */;
			productType = "com.apple.product-type.application";
		};
/* End PBXNativeTarget section */

/* Begin PBXProject section */
		F472CA241E27D92B00AF39B3 /* Project object */ = {
			isa = PBXProject;
			attributes = {
				LastSwiftUpdateCheck = 0820;
				LastUpgradeCheck = 0820;
				ORGANIZATIONNAME = "Ivan Vorobei";
				TargetAttributes = {
					F472CA2B1E27D92B00AF39B3 = {
						CreatedOnToolsVersion = 8.2.1;
						DevelopmentTeam = MNM2TM9G7C;
						ProvisioningStyle = Automatic;
					};
				};
			};
			buildConfigurationList = F472CA271E27D92B00AF39B3 /* Build configuration list for PBXProject "TwitterLaucnhAnimation" */;
			compatibilityVersion = "Xcode 3.2";
			developmentRegion = English;
			hasScannedForEncodings = 0;
			knownRegions = (
				en,
				Base,
			);
			mainGroup = F472CA231E27D92B00AF39B3;
			productRefGroup = F472CA2D1E27D92B00AF39B3 /* Products */;
			projectDirPath = "";
			projectRoot = "";
			targets = (
				F472CA2B1E27D92B00AF39B3 /* TwitterLaucnhAnimation */,
			);
		};
/* End PBXProject section */

/* Begin PBXResourcesBuildPhase section */
		F472CA2A1E27D92B00AF39B3 /* Resources */ = {
			isa = PBXResourcesBuildPhase;
			buildActionMask = 2147483647;
			files = (
				F43C2AA31E28DB610083DF75 /* Main.storyboard in Resources */,
				F43C2AA51E28E18C0083DF75 /* LaunchScreen.storyboard in Resources */,
				F472CA371E27D92B00AF39B3 /* Assets.xcassets in Resources */,
			);
			runOnlyForDeploymentPostprocessing = 0;
		};
/* End PBXResourcesBuildPhase section */

/* Begin PBXSourcesBuildPhase section */
		F472CA281E27D92B00AF39B3 /* Sources */ = {
			isa = PBXSourcesBuildPhase;
			buildActionMask = 2147483647;
			files = (
				F472CAA11E27D98300AF39B3 /* SPBlurView.swift in Sources */,
				F472CA9A1E27D98300AF39B3 /* SPSegmentControlProtocol.swift in Sources */,
				F472CA901E27D98300AF39B3 /* SPLaunchAnimation.swift in Sources */,
				F472CA881E27D98300AF39B3 /* SPConstraintsAssistent.swift in Sources */,
				F472CA9C1E27D98300AF39B3 /* SPSegmentedControl.swift in Sources */,
				F472CA8C1E27D98300AF39B3 /* SPUIImageExtenshion.swift in Sources */,
				F472CA8F1E27D98300AF39B3 /* SPLaunchAnimationSlideExtenshion.swift in Sources */,
				F472CA951E27D98300AF39B3 /* SPParalaxTableViewController.swift in Sources */,
				F472CA931E27D98300AF39B3 /* SPGradientViewController.swift in Sources */,
				F472CA921E27D98300AF39B3 /* SPExtenshionViewController.swift in Sources */,
				F472CA9D1E27D98300AF39B3 /* SPCollectionViewCell.swift in Sources */,
				F472CA8D1E27D98300AF39B3 /* SPInternetConnection.swift in Sources */,
				F472CA911E27D98300AF39B3 /* SPRandom.swift in Sources */,
				F472CA941E27D98300AF39B3 /* SPPageItemsScallingViewController.swift in Sources */,
				F472CA9E1E27D98300AF39B3 /* SPPageItemsScalingCollectionView.swift in Sources */,
				F472CA841E27D98300AF39B3 /* SPAnimationSpring.swift in Sources */,
				F472CA8B1E27D98300AF39B3 /* SPBezierPathFigure.swift in Sources */,
				F472CA891E27D98300AF39B3 /* SPDelay.swift in Sources */,
				F43C2AA11E28CFD80083DF75 /* SPLaunchAnimationTwitterExtenshion.swift in Sources */,
				F472CA851E27D98300AF39B3 /* SPAnimationUpward.swift in Sources */,
				F472CA9F1E27D98300AF39B3 /* SPPageItemsScalingCollectionLayout.swift in Sources */,
				F472CAA41E27D98300AF39B3 /* SPUIViewExtenshion.swift in Sources */,
				F472CAA01E27D98300AF39B3 /* SPParallaxTableViewCell.swift in Sources */,
				F472CA861E27D98300AF39B3 /* SPAudioPlayer.swift in Sources */,
				F472CA321E27D92B00AF39B3 /* ViewController.swift in Sources */,
				F472CA301E27D92B00AF39B3 /* AppDelegate.swift in Sources */,
				F472CA971E27D98300AF39B3 /* SPLinesCircleButtonsView.swift in Sources */,
				F472CA991E27D98300AF39B3 /* SPSegmentControllCell.swift in Sources */,
				F472CA871E27D98300AF39B3 /* SPUIColorExtenshion.swift in Sources */,
				F472CA961E27D98300AF39B3 /* SPIconsButton.swift in Sources */,
				F472CA981E27D98300AF39B3 /* SPRoundButton.swift in Sources */,
				F472CA9B1E27D98300AF39B3 /* SPSegmentControlStyleProtocol.swift in Sources */,
				F472CA831E27D98300AF39B3 /* SPAnimation.swift in Sources */,
				F472CA8A1E27D98300AF39B3 /* SPUIDeviceExtenshion.swift in Sources */,
				F472CAA21E27D98300AF39B3 /* SPGradientView.swift in Sources */,
				F472CAA31E27D98300AF39B3 /* SPUILabelExtenshion.swift in Sources */,
			);
			runOnlyForDeploymentPostprocessing = 0;
		};
/* End PBXSourcesBuildPhase section */

/* Begin XCBuildConfiguration section */
		F472CA3C1E27D92B00AF39B3 /* Debug */ = {
			isa = XCBuildConfiguration;
			buildSettings = {
				ALWAYS_SEARCH_USER_PATHS = NO;
				CLANG_ANALYZER_NONNULL = YES;
				CLANG_CXX_LANGUAGE_STANDARD = "gnu++0x";
				CLANG_CXX_LIBRARY = "libc++";
				CLANG_ENABLE_MODULES = YES;
				CLANG_ENABLE_OBJC_ARC = YES;
				CLANG_WARN_BOOL_CONVERSION = YES;
				CLANG_WARN_CONSTANT_CONVERSION = YES;
				CLANG_WARN_DIRECT_OBJC_ISA_USAGE = YES_ERROR;
				CLANG_WARN_DOCUMENTATION_COMMENTS = YES;
				CLANG_WARN_EMPTY_BODY = YES;
				CLANG_WARN_ENUM_CONVERSION = YES;
				CLANG_WARN_INFINITE_RECURSION = YES;
				CLANG_WARN_INT_CONVERSION = YES;
				CLANG_WARN_OBJC_ROOT_CLASS = YES_ERROR;
				CLANG_WARN_SUSPICIOUS_MOVE = YES;
				CLANG_WARN_UNREACHABLE_CODE = YES;
				CLANG_WARN__DUPLICATE_METHOD_MATCH = YES;
				"CODE_SIGN_IDENTITY[sdk=iphoneos*]" = "iPhone Developer";
				COPY_PHASE_STRIP = NO;
				DEBUG_INFORMATION_FORMAT = dwarf;
				ENABLE_STRICT_OBJC_MSGSEND = YES;
				ENABLE_TESTABILITY = YES;
				GCC_C_LANGUAGE_STANDARD = gnu99;
				GCC_DYNAMIC_NO_PIC = NO;
				GCC_NO_COMMON_BLOCKS = YES;
				GCC_OPTIMIZATION_LEVEL = 0;
				GCC_PREPROCESSOR_DEFINITIONS = (
					"DEBUG=1",
					"$(inherited)",
				);
				GCC_WARN_64_TO_32_BIT_CONVERSION = YES;
				GCC_WARN_ABOUT_RETURN_TYPE = YES_ERROR;
				GCC_WARN_UNDECLARED_SELECTOR = YES;
				GCC_WARN_UNINITIALIZED_AUTOS = YES_AGGRESSIVE;
				GCC_WARN_UNUSED_FUNCTION = YES;
				GCC_WARN_UNUSED_VARIABLE = YES;
				IPHONEOS_DEPLOYMENT_TARGET = 10.2;
				MTL_ENABLE_DEBUG_INFO = YES;
				ONLY_ACTIVE_ARCH = YES;
				SDKROOT = iphoneos;
				SWIFT_ACTIVE_COMPILATION_CONDITIONS = DEBUG;
				SWIFT_OPTIMIZATION_LEVEL = "-Onone";
				TARGETED_DEVICE_FAMILY = "1,2";
			};
			name = Debug;
		};
		F472CA3D1E27D92B00AF39B3 /* Release */ = {
			isa = XCBuildConfiguration;
			buildSettings = {
				ALWAYS_SEARCH_USER_PATHS = NO;
				CLANG_ANALYZER_NONNULL = YES;
				CLANG_CXX_LANGUAGE_STANDARD = "gnu++0x";
				CLANG_CXX_LIBRARY = "libc++";
				CLANG_ENABLE_MODULES = YES;
				CLANG_ENABLE_OBJC_ARC = YES;
				CLANG_WARN_BOOL_CONVERSION = YES;
				CLANG_WARN_CONSTANT_CONVERSION = YES;
				CLANG_WARN_DIRECT_OBJC_ISA_USAGE = YES_ERROR;
				CLANG_WARN_DOCUMENTATION_COMMENTS = YES;
				CLANG_WARN_EMPTY_BODY = YES;
				CLANG_WARN_ENUM_CONVERSION = YES;
				CLANG_WARN_INFINITE_RECURSION = YES;
				CLANG_WARN_INT_CONVERSION = YES;
				CLANG_WARN_OBJC_ROOT_CLASS = YES_ERROR;
				CLANG_WARN_SUSPICIOUS_MOVE = YES;
				CLANG_WARN_UNREACHABLE_CODE = YES;
				CLANG_WARN__DUPLICATE_METHOD_MATCH = YES;
				"CODE_SIGN_IDENTITY[sdk=iphoneos*]" = "iPhone Developer";
				COPY_PHASE_STRIP = NO;
				DEBUG_INFORMATION_FORMAT = "dwarf-with-dsym";
				ENABLE_NS_ASSERTIONS = NO;
				ENABLE_STRICT_OBJC_MSGSEND = YES;
				GCC_C_LANGUAGE_STANDARD = gnu99;
				GCC_NO_COMMON_BLOCKS = YES;
				GCC_WARN_64_TO_32_BIT_CONVERSION = YES;
				GCC_WARN_ABOUT_RETURN_TYPE = YES_ERROR;
				GCC_WARN_UNDECLARED_SELECTOR = YES;
				GCC_WARN_UNINITIALIZED_AUTOS = YES_AGGRESSIVE;
				GCC_WARN_UNUSED_FUNCTION = YES;
				GCC_WARN_UNUSED_VARIABLE = YES;
				IPHONEOS_DEPLOYMENT_TARGET = 10.2;
				MTL_ENABLE_DEBUG_INFO = NO;
				SDKROOT = iphoneos;
				SWIFT_OPTIMIZATION_LEVEL = "-Owholemodule";
				TARGETED_DEVICE_FAMILY = "1,2";
				VALIDATE_PRODUCT = YES;
			};
			name = Release;
		};
		F472CA3F1E27D92B00AF39B3 /* Debug */ = {
			isa = XCBuildConfiguration;
			buildSettings = {
				ASSETCATALOG_COMPILER_APPICON_NAME = AppIcon;
				DEVELOPMENT_TEAM = MNM2TM9G7C;
				INFOPLIST_FILE = TwitterLaucnhAnimation/Info.plist;
				IPHONEOS_DEPLOYMENT_TARGET = 8.0;
				LD_RUNPATH_SEARCH_PATHS = "$(inherited) @executable_path/Frameworks";
				PRODUCT_BUNDLE_IDENTIFIER = by.ivanvorobei.TwitterLaucnhAnimation;
				PRODUCT_NAME = "$(TARGET_NAME)";
				SWIFT_VERSION = 3.0;
			};
			name = Debug;
		};
		F472CA401E27D92B00AF39B3 /* Release */ = {
			isa = XCBuildConfiguration;
			buildSettings = {
				ASSETCATALOG_COMPILER_APPICON_NAME = AppIcon;
				DEVELOPMENT_TEAM = MNM2TM9G7C;
				INFOPLIST_FILE = TwitterLaucnhAnimation/Info.plist;
				IPHONEOS_DEPLOYMENT_TARGET = 8.0;
				LD_RUNPATH_SEARCH_PATHS = "$(inherited) @executable_path/Frameworks";
				PRODUCT_BUNDLE_IDENTIFIER = by.ivanvorobei.TwitterLaucnhAnimation;
				PRODUCT_NAME = "$(TARGET_NAME)";
				SWIFT_VERSION = 3.0;
			};
			name = Release;
		};
/* End XCBuildConfiguration section */

/* Begin XCConfigurationList section */
		F472CA271E27D92B00AF39B3 /* Build configuration list for PBXProject "TwitterLaucnhAnimation" */ = {
			isa = XCConfigurationList;
			buildConfigurations = (
				F472CA3C1E27D92B00AF39B3 /* Debug */,
				F472CA3D1E27D92B00AF39B3 /* Release */,
			);
			defaultConfigurationIsVisible = 0;
			defaultConfigurationName = Release;
		};
		F472CA3E1E27D92B00AF39B3 /* Build configuration list for PBXNativeTarget "TwitterLaucnhAnimation" */ = {
			isa = XCConfigurationList;
			buildConfigurations = (
				F472CA3F1E27D92B00AF39B3 /* Debug */,
				F472CA401E27D92B00AF39B3 /* Release */,
			);
			defaultConfigurationIsVisible = 0;
			defaultConfigurationName = Release;
		};
/* End XCConfigurationList section */
	};
	rootObject = F472CA241E27D92B00AF39B3 /* Project object */;
}
